<?xml version="1.0" encoding="utf-8"?>
<Project ToolsVersion="16.0" xmlns="http://schemas.microsoft.com/developer/msbuild/2003">
  <ItemGroup>
    <ClCompile Include="E:\EVM-TMVP\src\com_ComAdaptiveLoopFilter.c">
      <Filter>Source Files</Filter>
    </ClCompile>
    <ClCompile Include="E:\EVM-TMVP\src\com_df.c">
      <Filter>Source Files</Filter>
    </ClCompile>
    <ClCompile Include="E:\EVM-TMVP\src\com_esao.c">
      <Filter>Source Files</Filter>
    </ClCompile>
    <ClCompile Include="E:\EVM-TMVP\src\com_img.c">
      <Filter>Source Files</Filter>
    </ClCompile>
    <ClCompile Include="E:\EVM-TMVP\src\com_ipred.c">
      <Filter>Source Files</Filter>
    </ClCompile>
    <ClCompile Include="E:\EVM-TMVP\src\com_itdq.c">
      <Filter>Source Files</Filter>
    </ClCompile>
    <ClCompile Include="E:\EVM-TMVP\src\com_mc.c">
      <Filter>Source Files</Filter>
    </ClCompile>
    <ClCompile Include="E:\EVM-TMVP\src\com_picman.c">
      <Filter>Source Files</Filter>
    </ClCompile>
    <ClCompile Include="E:\EVM-TMVP\src\com_recon.c">
      <Filter>Source Files</Filter>
    </ClCompile>
    <ClCompile Include="E:\EVM-TMVP\src\com_sao.c">
      <Filter>Source Files</Filter>
    </ClCompile>
    <ClCompile Include="E:\EVM-TMVP\src\com_tbl.c">
      <Filter>Source Files</Filter>
    </ClCompile>
    <ClCompile Include="E:\EVM-TMVP\src\com_util.c">
      <Filter>Source Files</Filter>
    </ClCompile>
  </ItemGroup>
  <ItemGroup>
    <ClInclude Include="E:\EVM-TMVP\inc\com_ComAdaptiveLoopFilter.h">
      <Filter>Header Files</Filter>
    </ClInclude>
    <ClInclude Include="E:\EVM-TMVP\inc\com_def.h">
      <Filter>Header Files</Filter>
    </ClInclude>
    <ClInclude Include="E:\EVM-TMVP\inc\com_df.h">
      <Filter>Header Files</Filter>
    </ClInclude>
    <ClInclude Include="E:\EVM-TMVP\inc\com_esao.h">
      <Filter>Header Files</Filter>
    </ClInclude>
    <ClInclude Include="E:\EVM-TMVP\inc\com_img.h">
      <Filter>Header Files</Filter>
    </ClInclude>
    <ClInclude Include="E:\EVM-TMVP\inc\com_ipred.h">
      <Filter>Header Files</Filter>
    </ClInclude>
    <ClInclude Include="E:\EVM-TMVP\inc\com_itdq.h">
      <Filter>Header Files</Filter>
    </ClInclude>
    <ClInclude Include="E:\EVM-TMVP\inc\com_mc.h">
      <Filter>Header Files</Filter>
    </ClInclude>
    <ClInclude Include="E:\EVM-TMVP\inc\com_picman.h">
      <Filter>Header Files</Filter>
    </ClInclude>
    <ClInclude Include="E:\EVM-TMVP\inc\com_port.h">
      <Filter>Header Files</Filter>
    </ClInclude>
    <ClInclude Include="E:\EVM-TMVP\inc\com_recon.h">
      <Filter>Header Files</Filter>
    </ClInclude>
    <ClInclude Include="E:\EVM-TMVP\inc\com_sao.h">
      <Filter>Header Files</Filter>
    </ClInclude>
    <ClInclude Include="E:\EVM-TMVP\inc\com_tbl.h">
      <Filter>Header Files</Filter>
    </ClInclude>
    <ClInclude Include="E:\EVM-TMVP\inc\com_typedef.h">
      <Filter>Header Files</Filter>
    </ClInclude>
    <ClInclude Include="E:\EVM-TMVP\inc\com_usp.h">
      <Filter>Header Files</Filter>
    </ClInclude>
    <ClInclude Include="E:\EVM-TMVP\inc\com_util.h">
      <Filter>Header Files</Filter>
    </ClInclude>
  </ItemGroup>
  <ItemGroup>
    <CustomBuild Include="E:\EVM-TMVP\src\CMakeLists.txt" />
  </ItemGroup>
  <ItemGroup>
    <Filter Include="Header Files">
      <UniqueIdentifier>{55F07CE0-A35D-36AF-B9C5-4DB4F538F3BB}</UniqueIdentifier>
    </Filter>
    <Filter Include="Source Files">
      <UniqueIdentifier>{AD6BB125-10D0-3480-9EE6-613C1419B7C8}</UniqueIdentifier>
    </Filter>
  </ItemGroup>
</Project>
